
Microsoft Visual Studio Solution File, Format Version 12.00
# Visual Studio Version 17
VisualStudioVersion = 17.4.33403.182
MinimumVisualStudioVersion = 10.0.40219.1
Project("{9A19103F-16F7-4668-BE54-9A1E7A4F7556}") = "Inventory", "Inventory.csproj", "{522F2812-31D2-4BB1-8E97-12A48B2C48BD}"
EndProject
Global
	GlobalSection(SolutionConfigurationPlatforms) = preSolution
		Debug|Any CPU = Debug|Any CPU
		Release|Any CPU = Release|Any CPU
	EndGlobalSection
	GlobalSection(ProjectConfigurationPlatforms) = postSolution
		{522F2812-31D2-4BB1-8E97-12A48B2C48BD}.Debug|Any CPU.ActiveCfg = Debug|Any CPU
		{522F2812-31D2-4BB1-8E97-12A48B2C48BD}.Debug|Any CPU.Build.0 = Debug|Any CPU
		{522F2812-31D2-4BB1-8E97-12A48B2C48BD}.Release|Any CPU.ActiveCfg = Release|Any CPU
		{522F2812-31D2-4BB1-8E97-12A48B2C48BD}.Release|Any CPU.Build.0 = Release|Any CPU
	EndGlobalSection
	GlobalSection(SolutionProperties) = preSolution
		HideSolutionNode = FALSE
	EndGlobalSection
	GlobalSection(ExtensibilityGlobals) = postSolution
		SolutionGuid = {83D88B8C-6801-4840-BB76-EE64CBFC0129}
	EndGlobalSection
EndGlobal
